# This file was autogenerated by Stack.
# You should not edit this file by hand.
# For more information, please see the documentation at:
#   https://docs.haskellstack.org/en/stable/lock_files

packages:
- completed:
    name: replica
    version: 0.1.0.0
    git: https://github.com/pkamenarsky/replica.git
    pantry-tree:
      size: 1319
      sha256: f0f5f9fdfdf04628ce4c6b8c08938897b26a3defda9ce484f1959ecf18b4e5d4
    commit: a7d742ba0d81b1af8084ca84b8db832c163e35a1
  original:
    git: https://github.com/pkamenarsky/replica.git
    commit: a7d742ba0d81b1af8084ca84b8db832c163e35a1
snapshots:
- completed:
    size: 532380
    url: https://raw.githubusercontent.com/commercialhaskell/stackage-snapshots/master/lts/16/16.yaml
    sha256: d6b004b095fe2a0b8b14fbc30014ee97e58843b9c9362ddb9244273dda62649e
  original: lts-16.16
