# This file was autogenerated by Stack.
# You should not edit this file by hand.
# For more information, please see the documentation at:
#   https://docs.haskellstack.org/en/stable/lock_files

packages:
- completed:
    name: replica
    version: 0.1.0.0
    git: https://github.com/pkamenarsky/replica.git
    pantry-tree:
      size: 1319
      sha256: ca14da7d313016487ff53eab3ec410f86270c2f8431f2e2676e6dd79dd12ffd3
    commit: 4e7b83bdca01045f7e087dd638ac5e3be4e8d41a
  original:
    git: https://github.com/pkamenarsky/replica.git
    commit: 4e7b83bdca01045f7e087dd638ac5e3be4e8d41a
snapshots:
- completed:
    size: 532380
    url: https://raw.githubusercontent.com/commercialhaskell/stackage-snapshots/master/lts/16/16.yaml
    sha256: d6b004b095fe2a0b8b14fbc30014ee97e58843b9c9362ddb9244273dda62649e
  original: lts-16.16
